
Microsoft Visual Studio Solution File, Format Version 12.00
# Visual Studio Version 16
VisualStudioVersion = 16.0.31005.135
MinimumVisualStudioVersion = 10.0.40219.1
Project("{9A19103F-16F7-4668-BE54-9A1E7A4F7556}") = "FactioBuilderServer", "FactioBuilderServer\FactioBuilderServer.csproj", "{46CCEE21-E468-4855-9777-DB5E0FDA965F}"
EndProject
Project("{FAE04EC0-301F-11D3-BF4B-00C04F79EFBC}") = "FactioBuilder", "FactioBuilder\FactioBuilder.csproj", "{68529584-0F06-4E6B-B47C-48ACB28B1DF4}"
EndProject
Global
	GlobalSection(SolutionConfigurationPlatforms) = preSolution
		Debug|Any CPU = Debug|Any CPU
		Release|Any CPU = Release|Any CPU
	EndGlobalSection
	GlobalSection(ProjectConfigurationPlatforms) = postSolution
		{46CCEE21-E468-4855-9777-DB5E0FDA965F}.Debug|Any CPU.ActiveCfg = Debug|Any CPU
		{46CCEE21-E468-4855-9777-DB5E0FDA965F}.Debug|Any CPU.Build.0 = Debug|Any CPU
		{46CCEE21-E468-4855-9777-DB5E0FDA965F}.Release|Any CPU.ActiveCfg = Release|Any CPU
		{46CCEE21-E468-4855-9777-DB5E0FDA965F}.Release|Any CPU.Build.0 = Release|Any CPU
		{68529584-0F06-4E6B-B47C-48ACB28B1DF4}.Debug|Any CPU.ActiveCfg = Debug|Any CPU
		{68529584-0F06-4E6B-B47C-48ACB28B1DF4}.Debug|Any CPU.Build.0 = Debug|Any CPU
		{68529584-0F06-4E6B-B47C-48ACB28B1DF4}.Release|Any CPU.ActiveCfg = Release|Any CPU
		{68529584-0F06-4E6B-B47C-48ACB28B1DF4}.Release|Any CPU.Build.0 = Release|Any CPU
	EndGlobalSection
	GlobalSection(SolutionProperties) = preSolution
		HideSolutionNode = FALSE
	EndGlobalSection
	GlobalSection(ExtensibilityGlobals) = postSolution
		SolutionGuid = {E1BD0D2F-0A16-4839-8855-403C5CD390B1}
	EndGlobalSection
EndGlobal
